
Microsoft Visual Studio Solution File, Format Version 12.00
# Visual Studio Version 17
VisualStudioVersion = 17.12.35527.113
MinimumVisualStudioVersion = 10.0.40219.1
Project("{FAE04EC0-301F-11D3-BF4B-00C04F79EFBC}") = "AnterosTransactionVerifier.CLI", "AnterosTransactionVerifier.CLI\AnterosTransactionVerifier.CLI.csproj", "{F260AE2F-D686-4BF1-9C2E-A18747D14FC1}"
EndProject
Project("{FAE04EC0-301F-11D3-BF4B-00C04F79EFBC}") = "AnterosTransactionVerifier.Logic", "AnterosTransactionVerifier.Logic\AnterosTransactionVerifier.Logic.csproj", "{7C3A0EA8-F700-4873-9405-68D838F8142A}"
EndProject
Project("{FAE04EC0-301F-11D3-BF4B-00C04F79EFBC}") = "AnterosTransactionVerifier.Services", "AnterosTransactionVerifier.Services\AnterosTransactionVerifier.Services.csproj", "{9347B1DE-48A6-4730-B2ED-6F54D719AB28}"
EndProject
Project("{FAE04EC0-301F-11D3-BF4B-00C04F79EFBC}") = "CSVInputCustomSanitizer", "CSVInputCustomSanitizer\CSVInputCustomSanitizer.csproj", "{5A51CA37-3053-4082-B171-7DE80F8983D5}"
EndProject
Global
	GlobalSection(SolutionConfigurationPlatforms) = preSolution
		Debug|Any CPU = Debug|Any CPU
		Release|Any CPU = Release|Any CPU
	EndGlobalSection
	GlobalSection(ProjectConfigurationPlatforms) = postSolution
		{F260AE2F-D686-4BF1-9C2E-A18747D14FC1}.Debug|Any CPU.ActiveCfg = Debug|Any CPU
		{F260AE2F-D686-4BF1-9C2E-A18747D14FC1}.Debug|Any CPU.Build.0 = Debug|Any CPU
		{F260AE2F-D686-4BF1-9C2E-A18747D14FC1}.Release|Any CPU.ActiveCfg = Release|Any CPU
		{F260AE2F-D686-4BF1-9C2E-A18747D14FC1}.Release|Any CPU.Build.0 = Release|Any CPU
		{7C3A0EA8-F700-4873-9405-68D838F8142A}.Debug|Any CPU.ActiveCfg = Debug|Any CPU
		{7C3A0EA8-F700-4873-9405-68D838F8142A}.Debug|Any CPU.Build.0 = Debug|Any CPU
		{7C3A0EA8-F700-4873-9405-68D838F8142A}.Release|Any CPU.ActiveCfg = Release|Any CPU
		{7C3A0EA8-F700-4873-9405-68D838F8142A}.Release|Any CPU.Build.0 = Release|Any CPU
		{9347B1DE-48A6-4730-B2ED-6F54D719AB28}.Debug|Any CPU.ActiveCfg = Debug|Any CPU
		{9347B1DE-48A6-4730-B2ED-6F54D719AB28}.Debug|Any CPU.Build.0 = Debug|Any CPU
		{9347B1DE-48A6-4730-B2ED-6F54D719AB28}.Release|Any CPU.ActiveCfg = Release|Any CPU
		{9347B1DE-48A6-4730-B2ED-6F54D719AB28}.Release|Any CPU.Build.0 = Release|Any CPU
		{5A51CA37-3053-4082-B171-7DE80F8983D5}.Debug|Any CPU.ActiveCfg = Debug|Any CPU
		{5A51CA37-3053-4082-B171-7DE80F8983D5}.Debug|Any CPU.Build.0 = Debug|Any CPU
		{5A51CA37-3053-4082-B171-7DE80F8983D5}.Release|Any CPU.ActiveCfg = Release|Any CPU
		{5A51CA37-3053-4082-B171-7DE80F8983D5}.Release|Any CPU.Build.0 = Release|Any CPU
	EndGlobalSection
	GlobalSection(SolutionProperties) = preSolution
		HideSolutionNode = FALSE
	EndGlobalSection
EndGlobal
